// !$*UTF8*$!
{
	archiveVersion = 1;
	classes = {
	};
	objectVersion = 50;
	objects = {

/* Begin PBXBuildFile section */
		722B2C8A2528D2B400E4B58A /* AppDelegate.swift in Sources */ = {isa = PBXBuildFile; fileRef = 722B2C892528D2B400E4B58A /* AppDelegate.swift */; };
		722B2C8C2528D2B400E4B58A /* SceneDelegate.swift in Sources */ = {isa = PBXBuildFile; fileRef = 722B2C8B2528D2B400E4B58A /* SceneDelegate.swift */; };
		722B2C8E2528D2B400E4B58A /* ViewController.swift in Sources */ = {isa = PBXBuildFile; fileRef = 722B2C8D2528D2B400E4B58A /* ViewController.swift */; };
		722B2C912528D2B400E4B58A /* Main.storyboard in Resources */ = {isa = PBXBuildFile; fileRef = 722B2C8F2528D2B400E4B58A /* Main.storyboard */; };
		722B2C942528D2B400E4B58A /* StockProfitCount.xcdatamodeld in Sources */ = {isa = PBXBuildFile; fileRef = 722B2C922528D2B400E4B58A /* StockProfitCount.xcdatamodeld */; };
		722B2C962528D2B500E4B58A /* Assets.xcassets in Resources */ = {isa = PBXBuildFile; fileRef = 722B2C952528D2B500E4B58A /* Assets.xcassets */; };
		722B2C992528D2B500E4B58A /* LaunchScreen.storyboard in Resources */ = {isa = PBXBuildFile; fileRef = 722B2C972528D2B500E4B58A /* LaunchScreen.storyboard */; };
		72BEF1232537395E0072CC07 /* ButtonsLayout.swift in Sources */ = {isa = PBXBuildFile; fileRef = 72BEF1222537395E0072CC07 /* ButtonsLayout.swift */; };
/* End PBXBuildFile section */

/* Begin PBXFileReference section */
		722B2C862528D2B400E4B58A /* StockProfitCount.app */ = {isa = PBXFileReference; explicitFileType = wrapper.application; includeInIndex = 0; path = StockProfitCount.app; sourceTree = BUILT_PRODUCTS_DIR; };
		722B2C892528D2B400E4B58A /* AppDelegate.swift */ = {isa = PBXFileReference; lastKnownFileType = sourcecode.swift; path = AppDelegate.swift; sourceTree = "<group>"; };
		722B2C8B2528D2B400E4B58A /* SceneDelegate.swift */ = {isa = PBXFileReference; lastKnownFileType = sourcecode.swift; path = SceneDelegate.swift; sourceTree = "<group>"; };
		722B2C8D2528D2B400E4B58A /* ViewController.swift */ = {isa = PBXFileReference; lastKnownFileType = sourcecode.swift; path = ViewController.swift; sourceTree = "<group>"; };
		722B2C902528D2B400E4B58A /* Base */ = {isa = PBXFileReference; lastKnownFileType = file.storyboard; name = Base; path = Base.lproj/Main.storyboard; sourceTree = "<group>"; };
		722B2C932528D2B400E4B58A /* StockProfitCount.xcdatamodel */ = {isa = PBXFileReference; lastKnownFileType = wrapper.xcdatamodel; path = StockProfitCount.xcdatamodel; sourceTree = "<group>"; };
		722B2C952528D2B500E4B58A /* Assets.xcassets */ = {isa = PBXFileReference; lastKnownFileType = folder.assetcatalog; path = Assets.xcassets; sourceTree = "<group>"; };
		722B2C982528D2B500E4B58A /* Base */ = {isa = PBXFileReference; lastKnownFileType = file.storyboard; name = Base; path = Base.lproj/LaunchScreen.storyboard; sourceTree = "<group>"; };
		722B2C9A2528D2B500E4B58A /* Info.plist */ = {isa = PBXFileReference; lastKnownFileType = text.plist.xml; path = Info.plist; sourceTree = "<group>"; };
		72BEF1222537395E0072CC07 /* ButtonsLayout.swift */ = {isa = PBXFileReference; lastKnownFileType = sourcecode.swift; path = ButtonsLayout.swift; sourceTree = "<group>"; };
/* End PBXFileReference section */

/* Begin PBXFrameworksBuildPhase section */
		722B2C832528D2B400E4B58A /* Frameworks */ = {
			isa = PBXFrameworksBuildPhase;
			buildActionMask = 2147483647;
			files = (
			);
			runOnlyForDeploymentPostprocessing = 0;
		};
/* End PBXFrameworksBuildPhase section */

/* Begin PBXGroup section */
		722B2C7D2528D2B400E4B58A = {
			isa = PBXGroup;
			children = (
				722B2C882528D2B400E4B58A /* StockProfitCount */,
				722B2C872528D2B400E4B58A /* Products */,
			);
			sourceTree = "<group>";
		};
		722B2C872528D2B400E4B58A /* Products */ = {
			isa = PBXGroup;
			children = (
				722B2C862528D2B400E4B58A /* StockProfitCount.app */,
			);
			name = Products;
			sourceTree = "<group>";
		};
		722B2C882528D2B400E4B58A /* StockProfitCount */ = {
			isa = PBXGroup;
			children = (
				722B2CA42528D57700E4B58A /* Support */,
				722B2CA12528D54C00E4B58A /* Model */,
				722B2CA22528D55300E4B58A /* View */,
				722B2CA32528D55C00E4B58A /* Controller */,
				722B2C952528D2B500E4B58A /* Assets.xcassets */,
				722B2C9A2528D2B500E4B58A /* Info.plist */,
			);
			path = StockProfitCount;
			sourceTree = "<group>";
		};
		722B2CA12528D54C00E4B58A /* Model */ = {
			isa = PBXGroup;
			children = (
				72BEF1222537395E0072CC07 /* ButtonsLayout.swift */,
				722B2C922528D2B400E4B58A /* StockProfitCount.xcdatamodeld */,
			);
			path = Model;
			sourceTree = "<group>";
		};
		722B2CA22528D55300E4B58A /* View */ = {
			isa = PBXGroup;
			children = (
				722B2C972528D2B500E4B58A /* LaunchScreen.storyboard */,
				722B2C8F2528D2B400E4B58A /* Main.storyboard */,
			);
			path = View;
			sourceTree = "<group>";
		};
		722B2CA32528D55C00E4B58A /* Controller */ = {
			isa = PBXGroup;
			children = (
				722B2C8D2528D2B400E4B58A /* ViewController.swift */,
			);
			path = Controller;
			sourceTree = "<group>";
		};
		722B2CA42528D57700E4B58A /* Support */ = {
			isa = PBXGroup;
			children = (
				722B2C892528D2B400E4B58A /* AppDelegate.swift */,
				722B2C8B2528D2B400E4B58A /* SceneDelegate.swift */,
			);
			path = Support;
			sourceTree = "<group>";
		};
/* End PBXGroup section */

/* Begin PBXNativeTarget section */
		722B2C852528D2B400E4B58A /* StockProfitCount */ = {
			isa = PBXNativeTarget;
			buildConfigurationList = 722B2C9D2528D2B500E4B58A /* Build configuration list for PBXNativeTarget "StockProfitCount" */;
			buildPhases = (
				722B2C822528D2B400E4B58A /* Sources */,
				722B2C832528D2B400E4B58A /* Frameworks */,
				722B2C842528D2B400E4B58A /* Resources */,
			);
			buildRules = (
			);
			dependencies = (
			);
			name = StockProfitCount;
			productName = StockProfitCount;
			productReference = 722B2C862528D2B400E4B58A /* StockProfitCount.app */;
			productType = "com.apple.product-type.application";
		};
/* End PBXNativeTarget section */

/* Begin PBXProject section */
		722B2C7E2528D2B400E4B58A /* Project object */ = {
			isa = PBXProject;
			attributes = {
				LastSwiftUpdateCheck = 1200;
				LastUpgradeCheck = 1200;
				TargetAttributes = {
					722B2C852528D2B400E4B58A = {
						CreatedOnToolsVersion = 12.0;
					};
				};
			};
			buildConfigurationList = 722B2C812528D2B400E4B58A /* Build configuration list for PBXProject "StockProfitCount" */;
			compatibilityVersion = "Xcode 9.3";
			developmentRegion = en;
			hasScannedForEncodings = 0;
			knownRegions = (
				en,
				Base,
			);
			mainGroup = 722B2C7D2528D2B400E4B58A;
			productRefGroup = 722B2C872528D2B400E4B58A /* Products */;
			projectDirPath = "";
			projectRoot = "";
			targets = (
				722B2C852528D2B400E4B58A /* StockProfitCount */,
			);
		};
/* End PBXProject section */

/* Begin PBXResourcesBuildPhase section */
		722B2C842528D2B400E4B58A /* Resources */ = {
			isa = PBXResourcesBuildPhase;
			buildActionMask = 2147483647;
			files = (
				722B2C992528D2B500E4B58A /* LaunchScreen.storyboard in Resources */,
				722B2C962528D2B500E4B58A /* Assets.xcassets in Resources */,
				722B2C912528D2B400E4B58A /* Main.storyboard in Resources */,
			);
			runOnlyForDeploymentPostprocessing = 0;
		};
/* End PBXResourcesBuildPhase section */

/* Begin PBXSourcesBuildPhase section */
		722B2C822528D2B400E4B58A /* Sources */ = {
			isa = PBXSourcesBuildPhase;
			buildActionMask = 2147483647;
			files = (
				722B2C8E2528D2B400E4B58A /* ViewController.swift in Sources */,
				722B2C8A2528D2B400E4B58A /* AppDelegate.swift in Sources */,
				722B2C942528D2B400E4B58A /* StockProfitCount.xcdatamodeld in Sources */,
				72BEF1232537395E0072CC07 /* ButtonsLayout.swift in Sources */,
				722B2C8C2528D2B400E4B58A /* SceneDelegate.swift in Sources */,
			);
			runOnlyForDeploymentPostprocessing = 0;
		};
/* End PBXSourcesBuildPhase section */

/* Begin PBXVariantGroup section */
		722B2C8F2528D2B400E4B58A /* Main.storyboard */ = {
			isa = PBXVariantGroup;
			children = (
				722B2C902528D2B400E4B58A /* Base */,
			);
			name = Main.storyboard;
			sourceTree = "<group>";
		};
		722B2C972528D2B500E4B58A /* LaunchScreen.storyboard */ = {
			isa = PBXVariantGroup;
			children = (
				722B2C982528D2B500E4B58A /* Base */,
			);
			name = LaunchScreen.storyboard;
			sourceTree = "<group>";
		};
/* End PBXVariantGroup section */

/* Begin XCBuildConfiguration section */
		722B2C9B2528D2B500E4B58A /* Debug */ = {
			isa = XCBuildConfiguration;
			buildSettings = {
				ALWAYS_SEARCH_USER_PATHS = NO;
				CLANG_ANALYZER_NONNULL = YES;
				CLANG_ANALYZER_NUMBER_OBJECT_CONVERSION = YES_AGGRESSIVE;
				CLANG_CXX_LANGUAGE_STANDARD = "gnu++14";
				CLANG_CXX_LIBRARY = "libc++";
				CLANG_ENABLE_MODULES = YES;
				CLANG_ENABLE_OBJC_ARC = YES;
				CLANG_ENABLE_OBJC_WEAK = YES;
				CLANG_WARN_BLOCK_CAPTURE_AUTORELEASING = YES;
				CLANG_WARN_BOOL_CONVERSION = YES;
				CLANG_WARN_COMMA = YES;
				CLANG_WARN_CONSTANT_CONVERSION = YES;
				CLANG_WARN_DEPRECATED_OBJC_IMPLEMENTATIONS = YES;
				CLANG_WARN_DIRECT_OBJC_ISA_USAGE = YES_ERROR;
				CLANG_WARN_DOCUMENTATION_COMMENTS = YES;
				CLANG_WARN_EMPTY_BODY = YES;
				CLANG_WARN_ENUM_CONVERSION = YES;
				CLANG_WARN_INFINITE_RECURSION = YES;
				CLANG_WARN_INT_CONVERSION = YES;
				CLANG_WARN_NON_LITERAL_NULL_CONVERSION = YES;
				CLANG_WARN_OBJC_IMPLICIT_RETAIN_SELF = YES;
				CLANG_WARN_OBJC_LITERAL_CONVERSION = YES;
				CLANG_WARN_OBJC_ROOT_CLASS = YES_ERROR;
				CLANG_WARN_QUOTED_INCLUDE_IN_FRAMEWORK_HEADER = YES;
				CLANG_WARN_RANGE_LOOP_ANALYSIS = YES;
				CLANG_WARN_STRICT_PROTOTYPES = YES;
				CLANG_WARN_SUSPICIOUS_MOVE = YES;
				CLANG_WARN_UNGUARDED_AVAILABILITY = YES_AGGRESSIVE;
				CLANG_WARN_UNREACHABLE_CODE = YES;
				CLANG_WARN__DUPLICATE_METHOD_MATCH = YES;
				COPY_PHASE_STRIP = NO;
				DEBUG_INFORMATION_FORMAT = dwarf;
				ENABLE_STRICT_OBJC_MSGSEND = YES;
				ENABLE_TESTABILITY = YES;
				GCC_C_LANGUAGE_STANDARD = gnu11;
				GCC_DYNAMIC_NO_PIC = NO;
				GCC_NO_COMMON_BLOCKS = YES;
				GCC_OPTIMIZATION_LEVEL = 0;
				GCC_PREPROCESSOR_DEFINITIONS = (
					"DEBUG=1",
					"$(inherited)",
				);
				GCC_WARN_64_TO_32_BIT_CONVERSION = YES;
				GCC_WARN_ABOUT_RETURN_TYPE = YES_ERROR;
				GCC_WARN_UNDECLARED_SELECTOR = YES;
				GCC_WARN_UNINITIALIZED_AUTOS = YES_AGGRESSIVE;
				GCC_WARN_UNUSED_FUNCTION = YES;
				GCC_WARN_UNUSED_VARIABLE = YES;
				IPHONEOS_DEPLOYMENT_TARGET = 14.0;
				MTL_ENABLE_DEBUG_INFO = INCLUDE_SOURCE;
				MTL_FAST_MATH = YES;
				ONLY_ACTIVE_ARCH = YES;
				SDKROOT = iphoneos;
				SWIFT_ACTIVE_COMPILATION_CONDITIONS = DEBUG;
				SWIFT_OPTIMIZATION_LEVEL = "-Onone";
			};
			name = Debug;
		};
		722B2C9C2528D2B500E4B58A /* Release */ = {
			isa = XCBuildConfiguration;
			buildSettings = {
				ALWAYS_SEARCH_USER_PATHS = NO;
				CLANG_ANALYZER_NONNULL = YES;
				CLANG_ANALYZER_NUMBER_OBJECT_CONVERSION = YES_AGGRESSIVE;
				CLANG_CXX_LANGUAGE_STANDARD = "gnu++14";
				CLANG_CXX_LIBRARY = "libc++";
				CLANG_ENABLE_MODULES = YES;
				CLANG_ENABLE_OBJC_ARC = YES;
				CLANG_ENABLE_OBJC_WEAK = YES;
				CLANG_WARN_BLOCK_CAPTURE_AUTORELEASING = YES;
				CLANG_WARN_BOOL_CONVERSION = YES;
				CLANG_WARN_COMMA = YES;
				CLANG_WARN_CONSTANT_CONVERSION = YES;
				CLANG_WARN_DEPRECATED_OBJC_IMPLEMENTATIONS = YES;
				CLANG_WARN_DIRECT_OBJC_ISA_USAGE = YES_ERROR;
				CLANG_WARN_DOCUMENTATION_COMMENTS = YES;
				CLANG_WARN_EMPTY_BODY = YES;
				CLANG_WARN_ENUM_CONVERSION = YES;
				CLANG_WARN_INFINITE_RECURSION = YES;
				CLANG_WARN_INT_CONVERSION = YES;
				CLANG_WARN_NON_LITERAL_NULL_CONVERSION = YES;
				CLANG_WARN_OBJC_IMPLICIT_RETAIN_SELF = YES;
				CLANG_WARN_OBJC_LITERAL_CONVERSION = YES;
				CLANG_WARN_OBJC_ROOT_CLASS = YES_ERROR;
				CLANG_WARN_QUOTED_INCLUDE_IN_FRAMEWORK_HEADER = YES;
				CLANG_WARN_RANGE_LOOP_ANALYSIS = YES;
				CLANG_WARN_STRICT_PROTOTYPES = YES;
				CLANG_WARN_SUSPICIOUS_MOVE = YES;
				CLANG_WARN_UNGUARDED_AVAILABILITY = YES_AGGRESSIVE;
				CLANG_WARN_UNREACHABLE_CODE = YES;
				CLANG_WARN__DUPLICATE_METHOD_MATCH = YES;
				COPY_PHASE_STRIP = NO;
				DEBUG_INFORMATION_FORMAT = "dwarf-with-dsym";
				ENABLE_NS_ASSERTIONS = NO;
				ENABLE_STRICT_OBJC_MSGSEND = YES;
				GCC_C_LANGUAGE_STANDARD = gnu11;
				GCC_NO_COMMON_BLOCKS = YES;
				GCC_WARN_64_TO_32_BIT_CONVERSION = YES;
				GCC_WARN_ABOUT_RETURN_TYPE = YES_ERROR;
				GCC_WARN_UNDECLARED_SELECTOR = YES;
				GCC_WARN_UNINITIALIZED_AUTOS = YES_AGGRESSIVE;
				GCC_WARN_UNUSED_FUNCTION = YES;
				GCC_WARN_UNUSED_VARIABLE = YES;
				IPHONEOS_DEPLOYMENT_TARGET = 14.0;
				MTL_ENABLE_DEBUG_INFO = NO;
				MTL_FAST_MATH = YES;
				SDKROOT = iphoneos;
				SWIFT_COMPILATION_MODE = wholemodule;
				SWIFT_OPTIMIZATION_LEVEL = "-O";
				VALIDATE_PRODUCT = YES;
			};
			name = Release;
		};
		722B2C9E2528D2B500E4B58A /* Debug */ = {
			isa = XCBuildConfiguration;
			buildSettings = {
				ASSETCATALOG_COMPILER_APPICON_NAME = AppIcon;
				ASSETCATALOG_COMPILER_GLOBAL_ACCENT_COLOR_NAME = AccentColor;
				CODE_SIGN_STYLE = Automatic;
				DEVELOPMENT_TEAM = 2SUHXL9AC9;
				INFOPLIST_FILE = StockProfitCount/Info.plist;
				LD_RUNPATH_SEARCH_PATHS = (
					"$(inherited)",
					"@executable_path/Frameworks",
				);
				PRODUCT_BUNDLE_IDENTIFIER = "Denis-Balakirev.StockProfitCount";
				PRODUCT_NAME = "$(TARGET_NAME)";
				SWIFT_VERSION = 5.0;
				TARGETED_DEVICE_FAMILY = "1,2";
			};
			name = Debug;
		};
		722B2C9F2528D2B500E4B58A /* Release */ = {
			isa = XCBuildConfiguration;
			buildSettings = {
				ASSETCATALOG_COMPILER_APPICON_NAME = AppIcon;
				ASSETCATALOG_COMPILER_GLOBAL_ACCENT_COLOR_NAME = AccentColor;
				CODE_SIGN_STYLE = Automatic;
				DEVELOPMENT_TEAM = 2SUHXL9AC9;
				INFOPLIST_FILE = StockProfitCount/Info.plist;
				LD_RUNPATH_SEARCH_PATHS = (
					"$(inherited)",
					"@executable_path/Frameworks",
				);
				PRODUCT_BUNDLE_IDENTIFIER = "Denis-Balakirev.StockProfitCount";
				PRODUCT_NAME = "$(TARGET_NAME)";
				SWIFT_VERSION = 5.0;
				TARGETED_DEVICE_FAMILY = "1,2";
			};
			name = Release;
		};
/* End XCBuildConfiguration section */

/* Begin XCConfigurationList section */
		722B2C812528D2B400E4B58A /* Build configuration list for PBXProject "StockProfitCount" */ = {
			isa = XCConfigurationList;
			buildConfigurations = (
				722B2C9B2528D2B500E4B58A /* Debug */,
				722B2C9C2528D2B500E4B58A /* Release */,
			);
			defaultConfigurationIsVisible = 0;
			defaultConfigurationName = Release;
		};
		722B2C9D2528D2B500E4B58A /* Build configuration list for PBXNativeTarget "StockProfitCount" */ = {
			isa = XCConfigurationList;
			buildConfigurations = (
				722B2C9E2528D2B500E4B58A /* Debug */,
				722B2C9F2528D2B500E4B58A /* Release */,
			);
			defaultConfigurationIsVisible = 0;
			defaultConfigurationName = Release;
		};
/* End XCConfigurationList section */

/* Begin XCVersionGroup section */
		722B2C922528D2B400E4B58A /* StockProfitCount.xcdatamodeld */ = {
			isa = XCVersionGroup;
			children = (
				722B2C932528D2B400E4B58A /* StockProfitCount.xcdatamodel */,
			);
			currentVersion = 722B2C932528D2B400E4B58A /* StockProfitCount.xcdatamodel */;
			path = StockProfitCount.xcdatamodeld;
			sourceTree = "<group>";
			versionGroupType = wrapper.xcdatamodel;
		};
/* End XCVersionGroup section */
	};
	rootObject = 722B2C7E2528D2B400E4B58A /* Project object */;
}
